
Microsoft Visual Studio Solution File, Format Version 12.00
# Visual Studio Version 16
VisualStudioVersion = 16.0.28922.388
MinimumVisualStudioVersion = 10.0.40219.1
Project("{FAE04EC0-301F-11D3-BF4B-00C04F79EFBC}") = "ADExtractor", "ADExtractor\ADExtractor.csproj", "{F1550C28-B553-47F0-B616-82C06FDBBF51}"
EndProject
Global
	GlobalSection(SolutionConfigurationPlatforms) = preSolution
		Debug|Any CPU = Debug|Any CPU
		Release|Any CPU = Release|Any CPU
	EndGlobalSection
	GlobalSection(ProjectConfigurationPlatforms) = postSolution
		{F1550C28-B553-47F0-B616-82C06FDBBF51}.Debug|Any CPU.ActiveCfg = Debug|Any CPU
		{F1550C28-B553-47F0-B616-82C06FDBBF51}.Debug|Any CPU.Build.0 = Debug|Any CPU
		{F1550C28-B553-47F0-B616-82C06FDBBF51}.Release|Any CPU.ActiveCfg = Release|Any CPU
		{F1550C28-B553-47F0-B616-82C06FDBBF51}.Release|Any CPU.Build.0 = Release|Any CPU
	EndGlobalSection
	GlobalSection(SolutionProperties) = preSolution
		HideSolutionNode = FALSE
	EndGlobalSection
	GlobalSection(ExtensibilityGlobals) = postSolution
		SolutionGuid = {091DAE0B-C015-4E6C-AA08-4EDDCC79EE39}
	EndGlobalSection
EndGlobal
